
Microsoft Visual Studio Solution File, Format Version 12.00
# Visual Studio 2013
VisualStudioVersion = 12.0.30501.0
MinimumVisualStudioVersion = 10.0.40219.1
Project("{FAE04EC0-301F-11D3-BF4B-00C04F79EFBC}") = "RWICPreceiverApp", "RWICPreceiverApp\RWICPreceiverApp.csproj", "{9FAD63AA-1CAF-4CE6-B4B2-018FF80DBA54}"
EndProject
Project("{FAE04EC0-301F-11D3-BF4B-00C04F79EFBC}") = "RWICPreceiverApp.Tests", "RWICPreceiverApp.Tests\RWICPreceiverApp.Tests.csproj", "{33D2C5CE-DA66-49B2-A8DF-3D3217178ADA}"
EndProject
Global
	GlobalSection(SolutionConfigurationPlatforms) = preSolution
		Debug|Any CPU = Debug|Any CPU
		Release|Any CPU = Release|Any CPU
	EndGlobalSection
	GlobalSection(ProjectConfigurationPlatforms) = postSolution
		{9FAD63AA-1CAF-4CE6-B4B2-018FF80DBA54}.Debug|Any CPU.ActiveCfg = Debug|Any CPU
		{9FAD63AA-1CAF-4CE6-B4B2-018FF80DBA54}.Debug|Any CPU.Build.0 = Debug|Any CPU
		{9FAD63AA-1CAF-4CE6-B4B2-018FF80DBA54}.Release|Any CPU.ActiveCfg = Release|Any CPU
		{9FAD63AA-1CAF-4CE6-B4B2-018FF80DBA54}.Release|Any CPU.Build.0 = Release|Any CPU
		{33D2C5CE-DA66-49B2-A8DF-3D3217178ADA}.Debug|Any CPU.ActiveCfg = Debug|Any CPU
		{33D2C5CE-DA66-49B2-A8DF-3D3217178ADA}.Debug|Any CPU.Build.0 = Debug|Any CPU
		{33D2C5CE-DA66-49B2-A8DF-3D3217178ADA}.Release|Any CPU.ActiveCfg = Release|Any CPU
		{33D2C5CE-DA66-49B2-A8DF-3D3217178ADA}.Release|Any CPU.Build.0 = Release|Any CPU
	EndGlobalSection
	GlobalSection(SolutionProperties) = preSolution
		HideSolutionNode = FALSE
	EndGlobalSection
EndGlobal
